
Microsoft Visual Studio Solution File, Format Version 12.00
# Visual Studio 15
VisualStudioVersion = 15.0.27703.2042
MinimumVisualStudioVersion = 10.0.40219.1
Project("{2150E333-8FDC-42A3-9474-1A3956D46DE8}") = "src", "src", "{DB4042D5-4AFE-447F-BA84-E723ABE9D88E}"
EndProject
Project("{2150E333-8FDC-42A3-9474-1A3956D46DE8}") = "services", "services", "{E6411705-06CA-4177-95D9-1067E0473172}"
EndProject
Project("{9A19103F-16F7-4668-BE54-9A1E7A4F7556}") = "ProductCatalogAPI", "ProductCatalogAPI\ProductCatalogAPI.csproj", "{11EFA01E-EC6B-459D-A1B0-254503FC33C7}"
EndProject
Project("{E53339B2-1760-4266-BCC7-CA923CBCF16C}") = "docker-compose", "docker-compose.dcproj", "{4BCEBC9C-52D3-4C9C-AC62-4EA66EF10CFF}"
EndProject
Project("{2150E333-8FDC-42A3-9474-1A3956D46DE8}") = "web", "web", "{8CF994E3-58A7-4973-A437-DF08482C09D1}"
EndProject
Project("{9A19103F-16F7-4668-BE54-9A1E7A4F7556}") = "WebMvc", "WebMvc\WebMvc.csproj", "{4F18D963-5F87-4B86-8ADD-6E4160196887}"
EndProject
Project("{FAE04EC0-301F-11D3-BF4B-00C04F79EFBC}") = "TokenServiceAPI", "TokenServiceAPI\TokenServiceAPI.csproj", "{558C8133-C7D4-4A6E-A054-40CED2EAECF9}"
EndProject
Global
	GlobalSection(SolutionConfigurationPlatforms) = preSolution
		Debug|Any CPU = Debug|Any CPU
		Release|Any CPU = Release|Any CPU
	EndGlobalSection
	GlobalSection(ProjectConfigurationPlatforms) = postSolution
		{11EFA01E-EC6B-459D-A1B0-254503FC33C7}.Debug|Any CPU.ActiveCfg = Debug|Any CPU
		{11EFA01E-EC6B-459D-A1B0-254503FC33C7}.Debug|Any CPU.Build.0 = Debug|Any CPU
		{11EFA01E-EC6B-459D-A1B0-254503FC33C7}.Release|Any CPU.ActiveCfg = Release|Any CPU
		{11EFA01E-EC6B-459D-A1B0-254503FC33C7}.Release|Any CPU.Build.0 = Release|Any CPU
		{4BCEBC9C-52D3-4C9C-AC62-4EA66EF10CFF}.Debug|Any CPU.ActiveCfg = Debug|Any CPU
		{4BCEBC9C-52D3-4C9C-AC62-4EA66EF10CFF}.Debug|Any CPU.Build.0 = Debug|Any CPU
		{4BCEBC9C-52D3-4C9C-AC62-4EA66EF10CFF}.Release|Any CPU.ActiveCfg = Release|Any CPU
		{4BCEBC9C-52D3-4C9C-AC62-4EA66EF10CFF}.Release|Any CPU.Build.0 = Release|Any CPU
		{4F18D963-5F87-4B86-8ADD-6E4160196887}.Debug|Any CPU.ActiveCfg = Debug|Any CPU
		{4F18D963-5F87-4B86-8ADD-6E4160196887}.Debug|Any CPU.Build.0 = Debug|Any CPU
		{4F18D963-5F87-4B86-8ADD-6E4160196887}.Release|Any CPU.ActiveCfg = Release|Any CPU
		{4F18D963-5F87-4B86-8ADD-6E4160196887}.Release|Any CPU.Build.0 = Release|Any CPU
		{558C8133-C7D4-4A6E-A054-40CED2EAECF9}.Debug|Any CPU.ActiveCfg = Debug|Any CPU
		{558C8133-C7D4-4A6E-A054-40CED2EAECF9}.Debug|Any CPU.Build.0 = Debug|Any CPU
		{558C8133-C7D4-4A6E-A054-40CED2EAECF9}.Release|Any CPU.ActiveCfg = Release|Any CPU
		{558C8133-C7D4-4A6E-A054-40CED2EAECF9}.Release|Any CPU.Build.0 = Release|Any CPU
	EndGlobalSection
	GlobalSection(SolutionProperties) = preSolution
		HideSolutionNode = FALSE
	EndGlobalSection
	GlobalSection(NestedProjects) = preSolution
		{E6411705-06CA-4177-95D9-1067E0473172} = {DB4042D5-4AFE-447F-BA84-E723ABE9D88E}
		{11EFA01E-EC6B-459D-A1B0-254503FC33C7} = {E6411705-06CA-4177-95D9-1067E0473172}
		{8CF994E3-58A7-4973-A437-DF08482C09D1} = {DB4042D5-4AFE-447F-BA84-E723ABE9D88E}
		{4F18D963-5F87-4B86-8ADD-6E4160196887} = {8CF994E3-58A7-4973-A437-DF08482C09D1}
		{558C8133-C7D4-4A6E-A054-40CED2EAECF9} = {E6411705-06CA-4177-95D9-1067E0473172}
	EndGlobalSection
	GlobalSection(ExtensibilityGlobals) = postSolution
		SolutionGuid = {58D9E882-9EBA-467C-8DB8-452560E9E9AD}
	EndGlobalSection
EndGlobal
